PODS:
  - Alamofire (3.4.1)
  - Argo (3.0.3)
  - Curry (2.3.3)
  - Delta (1.0.0)
  - ReactiveCocoa (4.2.1):
    - Result (~> 2.0)
  - Result (2.1.3)

DEPENDENCIES:
  - Alamofire
  - Argo
  - Curry
  - Delta (from `https://github.com/thoughtbot/Delta.git`)
  - ReactiveCocoa

EXTERNAL SOURCES:
  Delta:
    :git: https://github.com/thoughtbot/Delta.git

CHECKOUT OPTIONS:
  Delta:
    :commit: 5c2e5f11bc46158dd6e1dc0e4dba54e7e67d8149
    :git: https://github.com/thoughtbot/Delta.git

SPEC CHECKSUMS:
  Alamofire: 01a82e2f6c0f860ade35534c8dd88be61bdef40c
  Argo: dd46f5df9faf4bbc5f21ee1e470315cd921d2cfc
  Curry: 37223f4467e4802a08b6a414b526dcd919a4a777
  Delta: 35694e6e06a7e5d9dd8a25f3b0768ed66c0579c5
  ReactiveCocoa: 5a42745f11ea236f405bb9ce5e97c5e3b23562dd
  Result: 18e1a7597fbcca5923c565b40a25a98afafdee02

PODFILE CHECKSUM: 64fc2f36033454727a7392cc2d2d006a6040a1a7

COCOAPODS: 1.0.0
