PODS:
  - Alamofire (3.4.1)
  - Argo (3.0.1)
  - Curry (2.3.1)
  - Delta (1.0.0)
  - ReactiveCocoa (4.1.0):
    - ReactiveCocoa/UI (= 4.1.0)
    - Result (~> 2.0)
  - ReactiveCocoa/Core (4.1.0):
    - ReactiveCocoa/no-arc
    - Result (~> 2.0)
  - ReactiveCocoa/no-arc (4.1.0):
    - Result (~> 2.0)
  - ReactiveCocoa/UI (4.1.0):
    - ReactiveCocoa/Core
    - Result (~> 2.0)
  - Result (2.0.0)

DEPENDENCIES:
  - Alamofire
  - Argo
  - Curry
  - Delta (from `https://github.com/thoughtbot/Delta.git`)
  - ReactiveCocoa

EXTERNAL SOURCES:
  Delta:
    :git: https://github.com/thoughtbot/Delta.git

CHECKOUT OPTIONS:
  Delta:
    :commit: 5c2e5f11bc46158dd6e1dc0e4dba54e7e67d8149
    :git: https://github.com/thoughtbot/Delta.git

SPEC CHECKSUMS:
  Alamofire: 01a82e2f6c0f860ade35534c8dd88be61bdef40c
  Argo: 22c5d62b7967020a641468c91dc9488bea9523b8
  Curry: c8f65c8ade091aad5cb86f7b51dd408d698810ca
  Delta: 35694e6e06a7e5d9dd8a25f3b0768ed66c0579c5
  ReactiveCocoa: d70004d7a366a7b8e87e60ce2347182c77701949
  Result: 9e75e1111c774c6ac594e14907b15057053a7959

PODFILE CHECKSUM: 64fc2f36033454727a7392cc2d2d006a6040a1a7

COCOAPODS: 1.0.0
